<?xml version="1.0" encoding="utf-8"?>
<Project ToolsVersion="4.0" xmlns="http://schemas.microsoft.com/developer/msbuild/2003">
  <ItemGroup>
    <Filter Include="소스 파일">
      <UniqueIdentifier>{4FC737F1-C7A5-4376-A066-2A32D752A2FF}</UniqueIdentifier>
      <Extensions>cpp;c;cc;cxx;c++;cppm;ixx;def;odl;idl;hpj;bat;asm;asmx</Extensions>
    </Filter>
    <Filter Include="헤더 파일">
      <UniqueIdentifier>{93995380-89BD-4b04-88EB-625FBE52EBFB}</UniqueIdentifier>
      <Extensions>h;hh;hpp;hxx;h++;hm;inl;inc;ipp;xsd</Extensions>
    </Filter>
    <Filter Include="리소스 파일">
      <UniqueIdentifier>{67DA6AB6-F800-4c08-8B7A-83BB121AAD01}</UniqueIdentifier>
      <Extensions>rc;ico;cur;bmp;dlg;rc2;rct;bin;rgs;gif;jpg;jpeg;jpe;resx;tiff;tif;png;wav;mfcribbon-ms</Extensions>
    </Filter>
    <Filter Include="소스 파일\01배열">
      <UniqueIdentifier>{8556908f-b57e-4618-8cee-2f80687c6993}</UniqueIdentifier>
    </Filter>
    <Filter Include="소스 파일\02연결리스트">
      <UniqueIdentifier>{8af66ea3-f242-4848-8692-e7961f595367}</UniqueIdentifier>
    </Filter>
    <Filter Include="소스 파일\03 스택">
      <UniqueIdentifier>{4dfab5b3-c02e-40cd-9c6b-6c8d6a39f170}</UniqueIdentifier>
    </Filter>
    <Filter Include="소스 파일\04 큐">
      <UniqueIdentifier>{7b70d187-ef46-471b-a267-5799bf804fa7}</UniqueIdentifier>
    </Filter>
  </ItemGroup>
  <ItemGroup>
    <ClInclude Include="myarr.h">
      <Filter>소스 파일\01배열</Filter>
    </ClInclude>
    <ClInclude Include="mydlist.h">
      <Filter>소스 파일\02연결리스트</Filter>
    </ClInclude>
    <ClInclude Include="mydlist1.h">
      <Filter>소스 파일\02연결리스트</Filter>
    </ClInclude>
    <ClInclude Include="mydlist2.h">
      <Filter>소스 파일\02연결리스트</Filter>
    </ClInclude>
    <ClInclude Include="mylist.h">
      <Filter>소스 파일\02연결리스트</Filter>
    </ClInclude>
    <ClInclude Include="mystack.h">
      <Filter>소스 파일\03 스택</Filter>
    </ClInclude>
    <ClInclude Include="mystack2.h">
      <Filter>소스 파일\03 스택</Filter>
    </ClInclude>
    <ClInclude Include="myque.h">
      <Filter>헤더 파일</Filter>
    </ClInclude>
  </ItemGroup>
  <ItemGroup>
    <ClCompile Include="myarr.cpp">
      <Filter>소스 파일\01배열</Filter>
    </ClCompile>
    <ClCompile Include="mylist.cpp">
      <Filter>소스 파일\02연결리스트</Filter>
    </ClCompile>
    <ClCompile Include="mydlist2.cpp">
      <Filter>소스 파일\02연결리스트</Filter>
    </ClCompile>
    <ClCompile Include="MyDList1.cpp">
      <Filter>소스 파일\02연결리스트</Filter>
    </ClCompile>
    <ClCompile Include="mydlist.cpp">
      <Filter>소스 파일\02연결리스트</Filter>
    </ClCompile>
    <ClCompile Include="mystack.cpp">
      <Filter>소스 파일\03 스택</Filter>
    </ClCompile>
    <ClCompile Include="start.cpp">
      <Filter>소스 파일\03 스택</Filter>
    </ClCompile>
    <ClCompile Include="mystack2.cpp">
      <Filter>소스 파일\03 스택</Filter>
    </ClCompile>
    <ClCompile Include="myque.cpp">
      <Filter>소스 파일</Filter>
    </ClCompile>
  </ItemGroup>
</Project>